lockfileVersion: '6.0'

devDependencies:
  '@tauri-apps/cli':
    specifier: ^2
    version: 2.0.0

packages:

  /@tauri-apps/cli-darwin-arm64@2.0.0:
    resolution: {integrity: sha512-+agYqg2c77imaMfKw7mzqecVIDGcwr6bZMdglJ808O2UjTFzMwnAam1sU26YBYU+IyIjwOu00fm9Azpal+N/Ew==}
    engines: {node: '>= 10'}
    cpu: [arm64]
    os: [darwin]
    requiresBuild: true
    dev: true
    optional: true

  /@tauri-apps/cli-darwin-x64@2.0.0:
    resolution: {integrity: sha512-keN2PLTTcZmbWwFMup/NGcshmvyLnhRPChO8lbm9C5a0IY7zUNQUD7/o/zIulQdLJqDxkdpWJ1j2jTycAtvtKQ==}
    engines: {node: '>= 10'}
    cpu: [x64]
    os: [darwin]
    requiresBuild: true
    dev: true
    optional: true

  /@tauri-apps/cli-linux-arm-gnueabihf@2.0.0:
    resolution: {integrity: sha512-FQJNrlCUBb9E7Fhp5ARy+Or8lSvorG41aVrfi0cGNvv1QlIGSj77TN7SKK+L1jAGzKj1Bl2kCZIESF6Zi8N/+Q==}
    engines: {node: '>= 10'}
    cpu: [arm]
    os: [linux]
    requiresBuild: true
    dev: true
    optional: true

  /@tauri-apps/cli-linux-arm64-gnu@2.0.0:
    resolution: {integrity: sha512-TK3VrZG5LK1NGueKwnZA1/3gj/qkwry001MNCHXjT6394dwrDv+digCc9Qc569h+xeH/FF71jyoiRIu3gRE6iA==}
    engines: {node: '>= 10'}
    cpu: [arm64]
    os: [linux]
    requiresBuild: true
    dev: true
    optional: true

  /@tauri-apps/cli-linux-arm64-musl@2.0.0:
    resolution: {integrity: sha512-E3hRmS/0m8YUYMTKZtBExpk/284CTi2nymks0dK0L1j+3KjffL7DiilnIfNFmTvWBgMrs0cVCtoaN/ba/A9mNA==}
    engines: {node: '>= 10'}
    cpu: [arm64]
    os: [linux]
    requiresBuild: true
    dev: true
    optional: true

  /@tauri-apps/cli-linux-x64-gnu@2.0.0:
    resolution: {integrity: sha512-veX4BJp5xnW8KmxVjchWt4oZEIvKGhuSR7qU1WpqTR21e/eTe/ksGsdXPsqOKQvv/w1X6jhqmlPvhnFmDwUJ/w==}
    engines: {node: '>= 10'}
    cpu: [x64]
    os: [linux]
    requiresBuild: true
    dev: true
    optional: true

  /@tauri-apps/cli-linux-x64-musl@2.0.0:
    resolution: {integrity: sha512-9Eso/8wbsWbOyd9PZEIzN/48ZQJrUGQqGZtglcjUku0lO76mnX0fOnit4nQ57Oj0wezJPhv4mgSseG1OsTIVzw==}
    engines: {node: '>= 10'}
    cpu: [x64]
    os: [linux]
    requiresBuild: true
    dev: true
    optional: true

  /@tauri-apps/cli-win32-arm64-msvc@2.0.0:
    resolution: {integrity: sha512-ky8vWAuDUf8WGt9+a0G/EbU0OhdIkogelh9qjIYGHbyEYAJqXfN5P40aHUEg3y8ngQ0YGwRX5ePsQsSZiiR5PQ==}
    engines: {node: '>= 10'}
    cpu: [arm64]
    os: [win32]
    requiresBuild: true
    dev: true
    optional: true

  /@tauri-apps/cli-win32-ia32-msvc@2.0.0:
    resolution: {integrity: sha512-uD45cLZ/EBaT8o4a27tHW7t5UKFplnvDLt/uSUaCpJ3NyOTV6nMXOUrJBe+hH9hSBohqNAF7LEyYo1p932DWFg==}
    engines: {node: '>= 10'}
    cpu: [ia32]
    os: [win32]
    requiresBuild: true
    dev: true
    optional: true

  /@tauri-apps/cli-win32-x64-msvc@2.0.0:
    resolution: {integrity: sha512-oFlo14YMsvyhJHmmHgRuOpJ1L9w15193c1Nfj1DksS2LHj6tLzirI7YrAF9inY/XjHFjNHzYPmBpABibkf/9wQ==}
    engines: {node: '>= 10'}
    cpu: [x64]
    os: [win32]
    requiresBuild: true
    dev: true
    optional: true

  /@tauri-apps/cli@2.0.0:
    resolution: {integrity: sha512-xxmPllRa6w/LRRcPczST3yHrYoi8l6ZZmzwabEmM0cgDdhVDmX+Y4oDJkiKD+8cVdxwwEzIuIKuaCwsX8iNsgA==}
    engines: {node: '>= 10'}
    hasBin: true
    optionalDependencies:
      '@tauri-apps/cli-darwin-arm64': 2.0.0
      '@tauri-apps/cli-darwin-x64': 2.0.0
      '@tauri-apps/cli-linux-arm-gnueabihf': 2.0.0
      '@tauri-apps/cli-linux-arm64-gnu': 2.0.0
      '@tauri-apps/cli-linux-arm64-musl': 2.0.0
      '@tauri-apps/cli-linux-x64-gnu': 2.0.0
      '@tauri-apps/cli-linux-x64-musl': 2.0.0
      '@tauri-apps/cli-win32-arm64-msvc': 2.0.0
      '@tauri-apps/cli-win32-ia32-msvc': 2.0.0
      '@tauri-apps/cli-win32-x64-msvc': 2.0.0
    dev: true
