lockfileVersion: '6.0'

settings:
  autoInstallPeers: true
  excludeLinksFromLockfile: false

devDependencies:
  '@tauri-apps/cli':
    specifier: '>=2.0.0-beta.0'
    version: 2.0.0-beta.11

packages:

  /@tauri-apps/cli-darwin-arm64@2.0.0-beta.11:
    resolution: {integrity: sha512-gry05NbWnTSDVJjlHb0JOh/QikG+c/O8/QSolz0scO4i+Y0ke5QhpmtXCQVS9REoxX2ncei0/MpqL7tZHaPSyw==}
    engines: {node: '>= 10'}
    cpu: [arm64]
    os: [darwin]
    requiresBuild: true
    dev: true
    optional: true

  /@tauri-apps/cli-darwin-x64@2.0.0-beta.11:
    resolution: {integrity: sha512-3nQTiLAeJBjPHTobVpF+dDxtqrK5Euzaj2ZdOcs5wZLOFzKcV3HXPwBO7n40ACL71g7RREzuvCx92yGC/txdfw==}
    engines: {node: '>= 10'}
    cpu: [x64]
    os: [darwin]
    requiresBuild: true
    dev: true
    optional: true

  /@tauri-apps/cli-linux-arm-gnueabihf@2.0.0-beta.11:
    resolution: {integrity: sha512-Ucbr/ErIRfk5GDUb4hQVic/0ss+5KO1wLq3Dp6QR/h/ms4kS3ihMJiIFCIzGhsavNhPRDk2dDi35M9BNgiUW0Q==}
    engines: {node: '>= 10'}
    cpu: [arm]
    os: [linux]
    requiresBuild: true
    dev: true
    optional: true

  /@tauri-apps/cli-linux-arm64-gnu@2.0.0-beta.11:
    resolution: {integrity: sha512-wSWu+paay91d6/FPb8tS/UOtyei0dX98edYVO0GXd4KePsvu9ZkzXr1HAOeY0UG+P0Z7SIrSw9TnDc2HnGyRmg==}
    engines: {node: '>= 10'}
    cpu: [arm64]
    os: [linux]
    requiresBuild: true
    dev: true
    optional: true

  /@tauri-apps/cli-linux-arm64-musl@2.0.0-beta.11:
    resolution: {integrity: sha512-9P4UDsYbriXcPhfeOd0e4xmjd2XN1nkxnJlRPBc9tlLEHnzuXnYGQ/sFtUII4CkSnqeU7qPm44txxWoV44/T4A==}
    engines: {node: '>= 10'}
    cpu: [arm64]
    os: [linux]
    requiresBuild: true
    dev: true
    optional: true

  /@tauri-apps/cli-linux-x64-gnu@2.0.0-beta.11:
    resolution: {integrity: sha512-gYH8ear0rCOIi4oSCxRLClDmGs3HwvH3fr0go0Hi5ang/xu8CbwjgaQVOWW1nEpY7uckhKt4vSmO5p6iFEY01w==}
    engines: {node: '>= 10'}
    cpu: [x64]
    os: [linux]
    requiresBuild: true
    dev: true
    optional: true

  /@tauri-apps/cli-linux-x64-musl@2.0.0-beta.11:
    resolution: {integrity: sha512-bxLzF7SW7j8C/Qc5P8AR+rEtJWoHc00V9FZuT259tOo6LHJsSUUFCk4kA/Y7mt2/9SzVXNbo4qu0NngSQsYncg==}
    engines: {node: '>= 10'}
    cpu: [x64]
    os: [linux]
    requiresBuild: true
    dev: true
    optional: true

  /@tauri-apps/cli-win32-arm64-msvc@2.0.0-beta.11:
    resolution: {integrity: sha512-/o3jtkt0IT0aV074bmbUoCTa3eGj0OyZjnxs00MN5FkfvXvSXwA4FZroAdlme6linLm7vh+UtusorMRBXChG2A==}
    engines: {node: '>= 10'}
    cpu: [arm64]
    os: [win32]
    requiresBuild: true
    dev: true
    optional: true

  /@tauri-apps/cli-win32-ia32-msvc@2.0.0-beta.11:
    resolution: {integrity: sha512-LQvFnrIrvmSXbbisWXjXXx2y7UtHcuH0PC6c8wgEFaFS3eYRvsnckICk+Rbn8Ulnyj6lPAiB0N7QhJxmtDzdaw==}
    engines: {node: '>= 10'}
    cpu: [ia32]
    os: [win32]
    requiresBuild: true
    dev: true
    optional: true

  /@tauri-apps/cli-win32-x64-msvc@2.0.0-beta.11:
    resolution: {integrity: sha512-uJcQjR8tn44UlJXt+iGjIQLXp4ggug0KuwcYPXwD+ww3jV8RhHaPH2tPQ78ybgSJTIOsW41I9mE36Zcrso3oaQ==}
    engines: {node: '>= 10'}
    cpu: [x64]
    os: [win32]
    requiresBuild: true
    dev: true
    optional: true

  /@tauri-apps/cli@2.0.0-beta.11:
    resolution: {integrity: sha512-Q9mfn6v3XjnbNZpZl2IucU5F5EXW4i7vaN8Enm4kybIBk0tBqXbbc9p71CFJohe2lyvI0twHy7CcfhHNZnGrDw==}
    engines: {node: '>= 10'}
    hasBin: true
    optionalDependencies:
      '@tauri-apps/cli-darwin-arm64': 2.0.0-beta.11
      '@tauri-apps/cli-darwin-x64': 2.0.0-beta.11
      '@tauri-apps/cli-linux-arm-gnueabihf': 2.0.0-beta.11
      '@tauri-apps/cli-linux-arm64-gnu': 2.0.0-beta.11
      '@tauri-apps/cli-linux-arm64-musl': 2.0.0-beta.11
      '@tauri-apps/cli-linux-x64-gnu': 2.0.0-beta.11
      '@tauri-apps/cli-linux-x64-musl': 2.0.0-beta.11
      '@tauri-apps/cli-win32-arm64-msvc': 2.0.0-beta.11
      '@tauri-apps/cli-win32-ia32-msvc': 2.0.0-beta.11
      '@tauri-apps/cli-win32-x64-msvc': 2.0.0-beta.11
    dev: true
